// !$*UTF8*$
{
	archiveVersion = 1;
	classes = {
	};
	objects = {

/* Begin PBXBuildFile section */
		A100000000000000100000000 /* AppDelegate.swift in Sources */ = {isa = PBXBuildFile; fileRef = A100000000000000000000000 /* AppDelegate.swift */; };
		A100000000000000100000001 /* SceneDelegate.swift in Sources */ = {isa = PBXBuildFile; fileRef = A1000000000000001 /* SceneDelegate.swift */; };
		A100000000000000100000002 /* ViewController.swift in Sources */ = {isa = PBXBuildFile; fileRef = A1000000000000002 /* ViewController.swift */; };
		A100000000000000100000003 /* SettingsViewController.swift in Sources */ = {isa = PBXBuildFile; fileRef = A1000000000000003 /* SettingsViewController.swift */; };
		A100000000000000100000004 /* Constants.swift in Sources */ = {isa = PBXBuildFile; fileRef = A1000000000000004 /* Constants.swift */; };
		A100000000000000100000005 /* SoundManager.swift in Sources */ = {isa = PBXBuildFile; fileRef = A1000000000000005 /* SoundManager.swift */; };
		A100000000000000100000006 /* Main.storyboard in Resources */ = {isa = PBXBuildFile; fileRef = A1000000000000006 /* Main.storyboard */; };
		A100000000000000100000007 /* Info.plist in Resources */ = {isa = PBXBuildFile; fileRef = A1000000000000007 /* Info.plist */; };
		A100000000000000100000008 /* Images.xcassets in Resources */ = {isa = PBXBuildFile; fileRef = A1000000000000008 /* Images.xcassets */; };
		A100000000000000100000009 /* Default.wav in Resources */ = {isa = PBXBuildFile; fileRef = A1000000000000009 /* Default.wav */; };
		A10000000000000010000000A /* Beep-Low.wav in Resources */ = {isa = PBXBuildFile; fileRef = A100000000000000A /* Beep-Low.wav */; };
		A10000000000000010000000B /* Beep-High.wav in Resources */ = {isa = PBXBuildFile; fileRef = A100000000000000B /* Beep-High.wav */; };
		A10000000000000010000000C /* Laser.wav in Resources */ = {isa = PBXBuildFile; fileRef = A100000000000000C /* Laser.wav */; };

/* End PBXBuildFile section */

/* Begin PBXFileReference section */
		A1000000000000000 /* AppDelegate.swift */ = {isa = PBXFileReference; lastKnownFileType = sourcecode.swift; name = AppDelegate.swift; path = ChallengeSwift/AppDelegate.swift; sourceRoot = SOURCE_ROOT; };
		A1000000000000001 /* SceneDelegate.swift */ = {isa = PBXFileReference; lastKnownFileType = sourcecode.swift; name = SceneDelegate.swift; path = ChallengeSwift/SceneDelegate.swift; sourceRoot = SOURCE_ROOT; };
		A1000000000000002 /* ViewController.swift */ = {isa = PBXFileReference; lastKnownFileType = sourcecode.swift; name = ViewController.swift; path = ChallengeSwift/ViewController.swift; sourceRoot = SOURCE_ROOT; };
		A1000000000000003 /* SettingsViewController.swift */ = {isa = PBXFileReference; lastKnownFileType = sourcecode.swift; name = SettingsViewController.swift; path = ChallengeSwift/SettingsViewController.swift; sourceRoot = SOURCE_ROOT; };
		A1000000000000004 /* Constants.swift */ = {isa = PBXFileReference; lastKnownFileType = sourcecode.swift; name = Constants.swift; path = ChallengeSwift/Constants.swift; sourceRoot = SOURCE_ROOT; };
		A1000000000000005 /* SoundManager.swift */ = {isa = PBXFileReference; lastKnownFileType = sourcecode.swift; name = SoundManager.swift; path = ChallengeSwift/SoundManager.swift; sourceRoot = SOURCE_ROOT; };
		A1000000000000006 /* Main.storyboard */ = {isa = PBXFileReference; lastKnownFileType = file.storyboard; name = Main.storyboard; path = ChallengeSwift/Base.lproj/Main.storyboard; sourceRoot = SOURCE_ROOT; };
		A1000000000000007 /* Info.plist */ = {isa = PBXFileReference; lastKnownFileType = text.plist.xml; name = Info.plist; path = ChallengeSwift/Info.plist; sourceRoot = SOURCE_ROOT; };
		A1000000000000008 /* Images.xcassets */ = {isa = PBXFileReference; lastKnownFileType = folder.assetcatalog; name = Images.xcassets; path = ChallengeSwift/Images.xcassets; sourceRoot = SOURCE_ROOT; };
		A1000000000000009 /* Default.wav */ = {isa = PBXFileReference; lastKnownFileType = audio.wav; name = Default.wav; path = ChallengeSwift/Default.wav; sourceRoot = SOURCE_ROOT; };
		A100000000000000A /* Beep-Low.wav */ = {isa = PBXFileReference; lastKnownFileType = audio.wav; name = "Beep-Low.wav"; path = ChallengeSwift/"Beep-Low.wav"; sourceRoot = SOURCE_ROOT; };
		A100000000000000B /* Beep-High.wav */ = {isa = PBXFileReference; lastKnownFileType = audio.wav; name = "Beep-High.wav"; path = ChallengeSwift/"Beep-High.wav"; sourceRoot = SOURCE_ROOT; };
		A100000000000000C /* Laser.wav */ = {isa = PBXFileReference; lastKnownFileType = audio.wav; name = Laser.wav; path = ChallengeSwift/Laser.wav; sourceRoot = SOURCE_ROOT; };
		A100000000000000D /* ChallengeSwift.app */ = {isa = PBXFileReference; explicitFileType = wrapper.application; includeInIndex = 0; path = ChallengeSwift.app; sourceRoot = BUILT_PRODUCTS_DIR; };

/* End PBXFileReference section */

/* Begin PBXFrameworksBuildPhase section */
		A100000000000000E /* Frameworks */ = {
			isa = PBXFrameworksBuildPhase;
			buildActionMask = 2147483647;
			files = (
			);
			runOnlyForDeploymentPostprocessing = 0;
		};

/* End PBXFrameworksBuildPhase section */

/* Begin PBXGroup section */
		A100000000000000F /* ChallengeSwift */ = {
			isa = PBXGroup;
			children = (
				A1000000000000000 /* AppDelegate.swift */,
				A1000000000000001 /* SceneDelegate.swift */,
				A1000000000000002 /* ViewController.swift */,
				A1000000000000003 /* SettingsViewController.swift */,
				A1000000000000004 /* Constants.swift */,
				A1000000000000005 /* SoundManager.swift */,
				A1000000000000008 /* Images.xcassets */,
				A1000000000000006 /* Main.storyboard */,
				A1000000000000009 /* Default.wav */,
				A100000000000000A /* Beep-Low.wav */,
				A100000000000000B /* Beep-High.wav */,
				A100000000000000C /* Laser.wav */,
				A1000000000000007 /* Info.plist */,
				A1000000000000010 /* Products */,
			);
			name = ChallengeSwift;
			sourceTree = "<group>";
		};
		A1000000000000010 /* Products */ = {
			isa = PBXGroup;
			children = (
				A100000000000000D /* ChallengeSwift.app */,
			);
			name = Products;
			sourceTree = "<group>";
		};

/* End PBXGroup section */

/* Begin PBXNativeTarget section */
		A1000000000000011 /* ChallengeSwift */ = {
			isa = PBXNativeTarget;
			buildConfigurationList = A1000000000000012 /* Build configuration list for PBXNativeTarget "ChallengeSwift" */;
			buildPhases = (
				A100000000000000E /* Frameworks */,
				A1000000000000013 /* Sources */,
				A1000000000000014 /* Resources */,
			);
			buildRules = (
			);
			dependencies = (
			);
			name = ChallengeSwift;
			productName = ChallengeSwift;
			productReference = A100000000000000D /* ChallengeSwift.app */;
			productType = "com.apple.product-type.application";
		};

/* End PBXNativeTarget section */

/* Begin PBXProject section */
		A1000000000000015 /* Project object */ = {
			isa = PBXProject;
			attributes = {
				LastUpgradeCheck = 1400;
				ORGANIZATIONNAME = "";
				TargetAttributes = {
					A1000000000000011 = {
						CreatedOnToolsVersion = 14.0;
					};
				};
			};
			buildConfigurationList = A1000000000000016 /* Build configuration list for PBXProject "ChallengeSwift" */;
			compatibilityVersion = "Xcode 14.0";
			developmentRegion = English;
			hasScannedForEncodings = 0;
			knownRegions = (
				de,
				en,
				fr,
			);
			mainGroup = A100000000000000F /* ChallengeSwift */;
			productRefGroup = A1000000000000010 /* Products */;
			projectDirPath = "";
			projectRoot = "";
			targets = (
				A1000000000000011 /* ChallengeSwift */,
			);
		};

/* End PBXProject section */

/* Begin PBXResourcesBuildPhase section */
		A1000000000000014 /* Resources */ = {
			isa = PBXResourcesBuildPhase;
			buildActionMask = 2147483647;
			files = (
				A100000000000000100000006 /* Main.storyboard in Resources */,
				A100000000000000100000007 /* Info.plist in Resources */,
				A100000000000000100000008 /* Images.xcassets in Resources */,
				A100000000000000100000009 /* Default.wav in Resources */,
				A10000000000000010000000A /* Beep-Low.wav in Resources */,
				A10000000000000010000000B /* Beep-High.wav in Resources */,
				A10000000000000010000000C /* Laser.wav in Resources */,
			);
			runOnlyForDeploymentPostprocessing = 0;
		};

/* End PBXResourcesBuildPhase section */

/* Begin PBXSourcesBuildPhase section */
		A1000000000000013 /* Sources */ = {
			isa = PBXSourcesBuildPhase;
			buildActionMask = 2147483647;
			files = (
				A100000000000000100000000 /* AppDelegate.swift in Sources */,
				A100000000000000100000001 /* SceneDelegate.swift in Sources */,
				A100000000000000100000002 /* ViewController.swift in Sources */,
				A100000000000000100000003 /* SettingsViewController.swift in Sources */,
				A100000000000000100000004 /* Constants.swift in Sources */,
				A100000000000000100000005 /* SoundManager.swift in Sources */,
			);
			runOnlyForDeploymentPostprocessing = 0;
		};

/* End PBXSourcesBuildPhase section */

/* Begin XCBuildConfiguration section */
		A1000000000000017 /* Debug */ = {
			isa = XCBuildConfiguration;
			buildSettings = {
				ALWAYS_SEARCH_USER_PATHS = NO;
				CLANG_ENABLE_MODULES = YES;
				IPHONEOS_DEPLOYMENT_TARGET = 13.0;
				ONLY_ACTIVE_ARCH = YES;
				SDKROOT = iphoneos;
				SWIFT_VERSION = 5.0;
			};
			name = Debug;
		};
		A1000000000000018 /* Release */ = {
			isa = XCBuildConfiguration;
			buildSettings = {
				ALWAYS_SEARCH_USER_PATHS = NO;
				CLANG_ENABLE_MODULES = YES;
				IPHONEOS_DEPLOYMENT_TARGET = 13.0;
				ONLY_ACTIVE_ARCH = NO;
				SDKROOT = iphoneos;
				SWIFT_VERSION = 5.0;
				VALIDATE_PRODUCT = YES;
			};
			name = Release;
		};

/* End XCBuildConfiguration section */

/* Begin XCConfigurationList section */
		A1000000000000016 /* Build configuration list for PBXProject "ChallengeSwift" */ = {
			isa = XCConfigurationList;
			buildConfigurations = (
				A1000000000000017 /* Debug */,
				A1000000000000018 /* Release */,
			);
			defaultConfigurationIsVisible = 0;
			defaultConfigurationName = Release;
		};
		A1000000000000012 /* Build configuration list for PBXNativeTarget "ChallengeSwift" */ = {
			isa = XCConfigurationList;
			buildConfigurations = (
				A1000000000000017 /* Debug */,
				A1000000000000018 /* Release */,
			);
			defaultConfigurationIsVisible = 0;
			defaultConfigurationName = Release;
		};

/* End XCConfigurationList section */
	}
	rootObject = A1000000000000015 /* Project object */;
}
