// !$*UTF8*$
{
	archiveVersion = 1;
	classes = {
	};
	objects = {

/* Begin PBXBuildFile section */
		832D614220464795000E4841 /* AppDelegate.swift in Sources */ = {isa = PBXBuildFile; fileRef = 832D614120464795000E4841 /* AppDelegate.swift */; };
		832D614420464795000E4841 /* SceneDelegate.swift in Sources */ = {isa = PBXBuildFile; fileRef = 832D614320464795000E4841 /* SceneDelegate.swift */; };
		832D614620464795000E4841 /* ViewController.swift in Sources */ = {isa = PBXBuildFile; fileRef = 832D614520464795000E4841 /* ViewController.swift */; };
		832D614820464795000E4841 /* SettingsViewController.swift in Sources */ = {isa = PBXBuildFile; fileRef = 832D614720464795000E4841 /* SettingsViewController.swift */; };
		832D614A20464795000E4841 /* Constants.swift in Sources */ = {isa = PBXBuildFile; fileRef = 832D614920464795000E4841 /* Constants.swift */; };
		832D614C20464795000E4841 /* SoundManager.swift in Sources */ = {isa = PBXBuildFile; fileRef = 832D614B20464795000E4841 /* SoundManager.swift */; };
		832D614E20464795000E4841 /* Main.storyboard in Resources */ = {isa = PBXBuildFile; fileRef = 832D614D20464795000E4841 /* Main.storyboard */; };
		832D615020464795000E4841 /* Info.plist in Resources */ = {isa = PBXBuildFile; fileRef = 832D614F20464795000E4841 /* Info.plist */; };
		832D615220464795000E4841 /* Images.xcassets in Resources */ = {isa = PBXBuildFile; fileRef = 832D615120464795000E4841 /* Images.xcassets */; };
		832D615420464795000E4841 /* Default.wav in Resources */ = {isa = PBXBuildFile; fileRef = 832D615320464795000E4841 /* Default.wav */; };
		832D615620464795000E4841 /* Beep-Low.wav in Resources */ = {isa = PBXBuildFile; fileRef = 832D615520464795000E4841 /* Beep-Low.wav */; };
		832D615820464795000E4841 /* Beep-High.wav in Resources */ = {isa = PBXBuildFile; fileRef = 832D615720464795000E4841 /* Beep-High.wav */; };
		832D615A20464795000E4841 /* Laser.wav in Resources */ = {isa = PBXBuildFile; fileRef = 832D615920464795000E4841 /* Laser.wav */; };

/* End PBXBuildFile section */

/* Begin PBXFileReference section */
		832D614120464795000E4841 /* AppDelegate.swift */ = {isa = PBXFileReference; lastKnownFileType = sourcecode.swift; name = AppDelegate.swift; path = ChallengeSwift/AppDelegate.swift; sourceRoot = SOURCE_ROOT; };
		832D614320464795000E4841 /* SceneDelegate.swift */ = {isa = PBXFileReference; lastKnownFileType = sourcecode.swift; name = SceneDelegate.swift; path = ChallengeSwift/SceneDelegate.swift; sourceRoot = SOURCE_ROOT; };
		832D614520464795000E4841 /* ViewController.swift */ = {isa = PBXFileReference; lastKnownFileType = sourcecode.swift; name = ViewController.swift; path = ChallengeSwift/ViewController.swift; sourceRoot = SOURCE_ROOT; };
		832D614720464795000E4841 /* SettingsViewController.swift */ = {isa = PBXFileReference; lastKnownFileType = sourcecode.swift; name = SettingsViewController.swift; path = ChallengeSwift/SettingsViewController.swift; sourceRoot = SOURCE_ROOT; };
		832D614920464795000E4841 /* Constants.swift */ = {isa = PBXFileReference; lastKnownFileType = sourcecode.swift; name = Constants.swift; path = ChallengeSwift/Constants.swift; sourceRoot = SOURCE_ROOT; };
		832D614B20464795000E4841 /* SoundManager.swift */ = {isa = PBXFileReference; lastKnownFileType = sourcecode.swift; name = SoundManager.swift; path = ChallengeSwift/SoundManager.swift; sourceRoot = SOURCE_ROOT; };
		832D614D20464795000E4841 /* Main.storyboard */ = {isa = PBXFileReference; lastKnownFileType = file.storyboard; name = Main.storyboard; path = ChallengeSwift/Base.lproj/Main.storyboard; sourceRoot = SOURCE_ROOT; };
		832D614F20464795000E4841 /* Info.plist */ = {isa = PBXFileReference; lastKnownFileType = text.plist.xml; name = Info.plist; path = ChallengeSwift/Info.plist; sourceRoot = SOURCE_ROOT; };
		832D615120464795000E4841 /* Images.xcassets */ = {isa = PBXFileReference; lastKnownFileType = folder.assetcatalog; name = Images.xcassets; path = ChallengeSwift/Images.xcassets; sourceRoot = SOURCE_ROOT; };
		832D615320464795000E4841 /* Default.wav */ = {isa = PBXFileReference; lastKnownFileType = audio.wav; name = Default.wav; path = ChallengeSwift/Default.wav; sourceRoot = SOURCE_ROOT; };
		832D615520464795000E4841 /* Beep-Low.wav */ = {isa = PBXFileReference; lastKnownFileType = audio.wav; name = "Beep-Low.wav"; path = ChallengeSwift/"Beep-Low.wav"; sourceRoot = SOURCE_ROOT; };
		832D615720464795000E4841 /* Beep-High.wav */ = {isa = PBXFileReference; lastKnownFileType = audio.wav; name = "Beep-High.wav"; path = ChallengeSwift/"Beep-High.wav"; sourceRoot = SOURCE_ROOT; };
		832D615920464795000E4841 /* Laser.wav */ = {isa = PBXFileReference; lastKnownFileType = audio.wav; name = Laser.wav; path = ChallengeSwift/Laser.wav; sourceRoot = SOURCE_ROOT; };
		832D615B20464795000E4841 /* ChallengeSwift.app */ = {isa = PBXFileReference; explicitFileType = wrapper.application; includeInIndex = 0; path = ChallengeSwift.app; sourceRoot = BUILT_PRODUCTS_DIR; };

/* End PBXFileReference section */

/* Begin PBXFrameworksBuildPhase section */
		832D613C20464795000E4841 /* Frameworks */ = {
			isa = PBXFrameworksBuildPhase;
			buildActionMask = 2147483647;
			files = (
			);
			runOnlyForDeploymentPostprocessing = 0;
		};

/* End PBXFrameworksBuildPhase section */

/* Begin PBXGroup section */
		832D613A20464795000E4841 /* ChallengeSwift */ = {
			isa = PBXGroup;
			children = (
				832D614120464795000E4841 /* AppDelegate.swift */,
				832D614320464795000E4841 /* SceneDelegate.swift */,
				832D614520464795000E4841 /* ViewController.swift */,
				832D614720464795000E4841 /* SettingsViewController.swift */,
				832D614920464795000E4841 /* Constants.swift */,
				832D614B20464795000E4841 /* SoundManager.swift */,
				832D615120464795000E4841 /* Images.xcassets */,
				832D614D20464795000E4841 /* Main.storyboard */,
				832D615320464795000E4841 /* Default.wav */,
				832D615520464795000E4841 /* Beep-Low.wav */,
				832D615720464795000E4841 /* Beep-High.wav */,
				832D615920464795000E4841 /* Laser.wav */,
				832D614F20464795000E4841 /* Info.plist */,
				832D615C20464795000E4841 /* Products */,
			);
			name = ChallengeSwift;
			sourceTree = "<group>";
		};
		832D615C20464795000E4841 /* Products */ = {
			isa = PBXGroup;
			children = (
				832D615B20464795000E4841 /* ChallengeSwift.app */,
			);
			name = Products;
			sourceTree = "<group>";
		};

/* End PBXGroup section */

/* Begin PBXNativeTarget section */
		832D613820464795000E4841 /* ChallengeSwift */ = {
			isa = PBXNativeTarget;
			buildConfigurationList = 832D613920464795000E4841 /* Build configuration list for PBXNativeTarget "ChallengeSwift" */;
			buildPhases = (
				832D613C20464795000E4841 /* Frameworks */,
				832D613D20464795000E4841 /* Sources */,
				832D613E20464795000E4841 /* Resources */,
			);
			buildRules = (
			);
			dependencies = (
			);
			name = ChallengeSwift;
			productName = ChallengeSwift;
			productReference = 832D615B20464795000E4841 /* ChallengeSwift.app */;
			productType = "com.apple.product-type.application";
		};

/* End PBXNativeTarget section */

/* Begin PBXProject section */
		832D613620464795000E4841 /* Project object */ = {
			isa = PBXProject;
			attributes = {
				LastUpgradeCheck = 1400;
				ORGANIZATIONNAME = "";
				TargetAttributes = {
					832D613820464795000E4841 = {
						CreatedOnToolsVersion = 14.0;
					};
				};
			};
			buildConfigurationList = 832D613720464795000E4841 /* Build configuration list for PBXProject "ChallengeSwift" */;
			compatibilityVersion = "Xcode 14.0";
			developmentRegion = English;
			hasScannedForEncodings = 0;
			knownRegions = (
				de,
				en,
				fr,
			);
			mainGroup = 832D613A20464795000E4841 /* ChallengeSwift */;
			productRefGroup = 832D615C20464795000E4841 /* Products */;
			projectDirPath = "";
			projectRoot = "";
			targets = (
				832D613820464795000E4841 /* ChallengeSwift */,
			);
		};

/* End PBXProject section */

/* Begin PBXResourcesBuildPhase section */
		832D613E20464795000E4841 /* Resources */ = {
			isa = PBXResourcesBuildPhase;
			buildActionMask = 2147483647;
			files = (
				832D614E20464795000E4841 /* Main.storyboard in Resources */,
				832D615020464795000E4841 /* Info.plist in Resources */,
				832D615220464795000E4841 /* Images.xcassets in Resources */,
				832D615420464795000E4841 /* Default.wav in Resources */,
				832D615620464795000E4841 /* Beep-Low.wav in Resources */,
				832D615820464795000E4841 /* Beep-High.wav in Resources */,
				832D615A20464795000E4841 /* Laser.wav in Resources */,
			);
			runOnlyForDeploymentPostprocessing = 0;
		};

/* End PBXResourcesBuildPhase section */

/* Begin PBXSourcesBuildPhase section */
		832D613D20464795000E4841 /* Sources */ = {
			isa = PBXSourcesBuildPhase;
			buildActionMask = 2147483647;
			files = (
				832D614220464795000E4841 /* AppDelegate.swift in Sources */,
				832D614420464795000E4841 /* SceneDelegate.swift in Sources */,
				832D614620464795000E4841 /* ViewController.swift in Sources */,
				832D614820464795000E4841 /* SettingsViewController.swift in Sources */,
				832D614A20464795000E4841 /* Constants.swift in Sources */,
				832D614C20464795000E4841 /* SoundManager.swift in Sources */,
			);
			runOnlyForDeploymentPostprocessing = 0;
		};

/* End PBXSourcesBuildPhase section */

/* Begin XCBuildConfiguration section */
		832D613320464795000E4841 /* Debug */ = {
			isa = XCBuildConfiguration;
			buildSettings = {
				ALWAYS_SEARCH_USER_PATHS = NO;
				CLANG_ENABLE_MODULES = YES;
				IPHONEOS_DEPLOYMENT_TARGET = 13.0;
				ONLY_ACTIVE_ARCH = YES;
				SDKROOT = iphoneos;
				SWIFT_VERSION = 5.0;
			};
			name = Debug;
		};
		832D613420464795000E4841 /* Release */ = {
			isa = XCBuildConfiguration;
			buildSettings = {
				ALWAYS_SEARCH_USER_PATHS = NO;
				CLANG_ENABLE_MODULES = YES;
				IPHONEOS_DEPLOYMENT_TARGET = 13.0;
				ONLY_ACTIVE_ARCH = NO;
				SDKROOT = iphoneos;
				SWIFT_VERSION = 5.0;
				VALIDATE_PRODUCT = YES;
			};
			name = Release;
		};

/* End XCBuildConfiguration section */

/* Begin XCConfigurationList section */
		832D613720464795000E4841 /* Build configuration list for PBXProject "ChallengeSwift" */ = {
			isa = XCConfigurationList;
			buildConfigurations = (
				832D613320464795000E4841 /* Debug */,
				832D613420464795000E4841 /* Release */,
			);
			defaultConfigurationIsVisible = 0;
			defaultConfigurationName = Release;
		};
		832D613920464795000E4841 /* Build configuration list for PBXNativeTarget "ChallengeSwift" */ = {
			isa = XCConfigurationList;
			buildConfigurations = (
				832D613320464795000E4841 /* Debug */,
				832D613420464795000E4841 /* Release */,
			);
			defaultConfigurationIsVisible = 0;
			defaultConfigurationName = Release;
		};

/* End XCConfigurationList section */
	}
	rootObject = 832D613620464795000E4841 /* Project object */;
}
