// !$*UTF8*$!
{
	archiveVersion = 1;
	classes = {
	};
	objectVersion = 46;
	objects = {

/* Begin PBXBuildFile section */
		C6126C7517E9BFC600F065D8 /* Foundation.framework in Frameworks */ = {isa = PBXBuildFile; fileRef = C6126C7417E9BFC600F065D8 /* Foundation.framework */; };
		C6126C7717E9BFC600F065D8 /* CoreGraphics.framework in Frameworks */ = {isa = PBXBuildFile; fileRef = C6126C7617E9BFC600F065D8 /* CoreGraphics.framework */; };
		C6126C7917E9BFC600F065D8 /* UIKit.framework in Frameworks */ = {isa = PBXBuildFile; fileRef = C6126C7817E9BFC600F065D8 /* UIKit.framework */; };
		C6126C7F17E9BFC600F065D8 /* InfoPlist.strings in Resources */ = {isa = PBXBuildFile; fileRef = C6126C7D17E9BFC600F065D8 /* InfoPlist.strings */; };
		C6126C8117E9BFC600F065D8 /* main.m in Sources */ = {isa = PBXBuildFile; fileRef = C6126C8017E9BFC600F065D8 /* main.m */; };
		C6126C8517E9BFC600F065D8 /* AppDelegate.m in Sources */ = {isa = PBXBuildFile; fileRef = C6126C8417E9BFC600F065D8 /* AppDelegate.m */; };
		C6126C8817E9BFC600F065D8 /* Main_iPhone.storyboard in Resources */ = {isa = PBXBuildFile; fileRef = C6126C8617E9BFC600F065D8 /* Main_iPhone.storyboard */; };
		C6126C8E17E9BFC600F065D8 /* ViewController.m in Sources */ = {isa = PBXBuildFile; fileRef = C6126C8D17E9BFC600F065D8 /* ViewController.m */; };
		C6126C9017E9BFC600F065D8 /* Images.xcassets in Resources */ = {isa = PBXBuildFile; fileRef = C6126C8F17E9BFC600F065D8 /* Images.xcassets */; };
		C6126C9717E9BFC600F065D8 /* XCTest.framework in Frameworks */ = {isa = PBXBuildFile; fileRef = C6126C9617E9BFC600F065D8 /* XCTest.framework */; };
		C6126C9817E9BFC600F065D8 /* Foundation.framework in Frameworks */ = {isa = PBXBuildFile; fileRef = C6126C7417E9BFC600F065D8 /* Foundation.framework */; };
		C6126C9917E9BFC600F065D8 /* UIKit.framework in Frameworks */ = {isa = PBXBuildFile; fileRef = C6126C7817E9BFC600F065D8 /* UIKit.framework */; };
		C6126CA117E9BFC600F065D8 /* InfoPlist.strings in Resources */ = {isa = PBXBuildFile; fileRef = C6126C9F17E9BFC600F065D8 /* InfoPlist.strings */; };
		C6126CA317E9BFC600F065D8 /* ChallengeTests.m in Sources */ = {isa = PBXBuildFile; fileRef = C6126CA217E9BFC600F065D8 /* ChallengeTests.m */; };
		C61E69B3198190100031EE49 /* 968small-old.png in Resources */ = {isa = PBXBuildFile; fileRef = C61E69B2198190100031EE49 /* 968small-old.png */; };
		C6A3705017EC344100ECE243 /* Beep-Low.wav in Resources */ = {isa = PBXBuildFile; fileRef = C6A3704E17EC344100ECE243 /* Beep-Low.wav */; };
		C6A3705117EC344100ECE243 /* Beep-High.wav in Resources */ = {isa = PBXBuildFile; fileRef = C6A3704F17EC344100ECE243 /* Beep-High.wav */; };
		C6A3705517EC464800ECE243 /* SecondaryViewController.m in Sources */ = {isa = PBXBuildFile; fileRef = C6A3705417EC464800ECE243 /* SecondaryViewController.m */; };
		C6AC8D4020DD25DB00FAC50F /* Default.wav in Resources */ = {isa = PBXBuildFile; fileRef = C6AC8D3F20DD25DB00FAC50F /* Default.wav */; };
		C6AC8D4620DD29A700FAC50F /* 968small.png in Resources */ = {isa = PBXBuildFile; fileRef = C6AC8D4520DD29A600FAC50F /* 968small.png */; };
		C6D1056B17F08536006498D6 /* Default-568h@2x.png in Resources */ = {isa = PBXBuildFile; fileRef = C6D1056A17F08536006498D6 /* Default-568h@2x.png */; };
/* End PBXBuildFile section */

/* Begin PBXContainerItemProxy section */
		C6126C9A17E9BFC600F065D8 /* PBXContainerItemProxy */ = {
			isa = PBXContainerItemProxy;
			containerPortal = C6126C6917E9BFC500F065D8 /* Project object */;
			proxyType = 1;
			remoteGlobalIDString = C6126C7017E9BFC500F065D8;
			remoteInfo = Challenge;
		};
/* End PBXContainerItemProxy section */

/* Begin PBXFileReference section */
		C6126C7117E9BFC500F065D8 /* Challenge.app */ = {isa = PBXFileReference; explicitFileType = wrapper.application; includeInIndex = 0; path = Challenge.app; sourceTree = BUILT_PRODUCTS_DIR; };
		C6126C7417E9BFC600F065D8 /* Foundation.framework */ = {isa = PBXFileReference; lastKnownFileType = wrapper.framework; name = Foundation.framework; path = System/Library/Frameworks/Foundation.framework; sourceTree = SDKROOT; };
		C6126C7617E9BFC600F065D8 /* CoreGraphics.framework */ = {isa = PBXFileReference; lastKnownFileType = wrapper.framework; name = CoreGraphics.framework; path = System/Library/Frameworks/CoreGraphics.framework; sourceTree = SDKROOT; };
		C6126C7817E9BFC600F065D8 /* UIKit.framework */ = {isa = PBXFileReference; lastKnownFileType = wrapper.framework; name = UIKit.framework; path = System/Library/Frameworks/UIKit.framework; sourceTree = SDKROOT; };
		C6126C7C17E9BFC600F065D8 /* Challenge-Info.plist */ = {isa = PBXFileReference; lastKnownFileType = text.plist.xml; path = "Challenge-Info.plist"; sourceTree = "<group>"; };
		C6126C7E17E9BFC600F065D8 /* en */ = {isa = PBXFileReference; lastKnownFileType = text.plist.strings; name = en; path = en.lproj/InfoPlist.strings; sourceTree = "<group>"; };
		C6126C8017E9BFC600F065D8 /* main.m */ = {isa = PBXFileReference; lastKnownFileType = sourcecode.c.objc; path = main.m; sourceTree = "<group>"; };
		C6126C8217E9BFC600F065D8 /* Challenge-Prefix.pch */ = {isa = PBXFileReference; lastKnownFileType = sourcecode.c.h; path = "Challenge-Prefix.pch"; sourceTree = "<group>"; };
		C6126C8317E9BFC600F065D8 /* AppDelegate.h */ = {isa = PBXFileReference; lastKnownFileType = sourcecode.c.h; path = AppDelegate.h; sourceTree = "<group>"; };
		C6126C8417E9BFC600F065D8 /* AppDelegate.m */ = {isa = PBXFileReference; lastKnownFileType = sourcecode.c.objc; path = AppDelegate.m; sourceTree = "<group>"; };
		C6126C8717E9BFC600F065D8 /* Base */ = {isa = PBXFileReference; lastKnownFileType = file.storyboard; name = Base; path = Base.lproj/Main_iPhone.storyboard; sourceTree = "<group>"; };
		C6126C8C17E9BFC600F065D8 /* ViewController.h */ = {isa = PBXFileReference; lastKnownFileType = sourcecode.c.h; path = ViewController.h; sourceTree = "<group>"; };
		C6126C8D17E9BFC600F065D8 /* ViewController.m */ = {isa = PBXFileReference; lastKnownFileType = sourcecode.c.objc; path = ViewController.m; sourceTree = "<group>"; };
		C6126C8F17E9BFC600F065D8 /* Images.xcassets */ = {isa = PBXFileReference; lastKnownFileType = folder.assetcatalog; path = Images.xcassets; sourceTree = "<group>"; };
		C6126C9517E9BFC600F065D8 /* ChallengeTests.xctest */ = {isa = PBXFileReference; explicitFileType = wrapper.cfbundle; includeInIndex = 0; path = ChallengeTests.xctest; sourceTree = BUILT_PRODUCTS_DIR; };
		C6126C9617E9BFC600F065D8 /* XCTest.framework */ = {isa = PBXFileReference; lastKnownFileType = wrapper.framework; name = XCTest.framework; path = Library/Frameworks/XCTest.framework; sourceTree = DEVELOPER_DIR; };
		C6126C9E17E9BFC600F065D8 /* ChallengeTests-Info.plist */ = {isa = PBXFileReference; lastKnownFileType = text.plist.xml; path = "ChallengeTests-Info.plist"; sourceTree = "<group>"; };
		C6126CA017E9BFC600F065D8 /* en */ = {isa = PBXFileReference; lastKnownFileType = text.plist.strings; name = en; path = en.lproj/InfoPlist.strings; sourceTree = "<group>"; };
		C6126CA217E9BFC600F065D8 /* ChallengeTests.m */ = {isa = PBXFileReference; lastKnownFileType = sourcecode.c.objc; path = ChallengeTests.m; sourceTree = "<group>"; };
		C61E69B2198190100031EE49 /* 968small-old.png */ = {isa = PBXFileReference; lastKnownFileType = image.png; path = "968small-old.png"; sourceTree = "<group>"; };
		C6A3704E17EC344100ECE243 /* Beep-Low.wav */ = {isa = PBXFileReference; lastKnownFileType = audio.wav; path = "Beep-Low.wav"; sourceTree = "<group>"; };
		C6A3704F17EC344100ECE243 /* Beep-High.wav */ = {isa = PBXFileReference; lastKnownFileType = audio.wav; path = "Beep-High.wav"; sourceTree = "<group>"; };
		C6A3705317EC464800ECE243 /* SecondaryViewController.h */ = {isa = PBXFileReference; fileEncoding = 4; lastKnownFileType = sourcecode.c.h; path = SecondaryViewController.h; sourceTree = "<group>"; };
		C6A3705417EC464800ECE243 /* SecondaryViewController.m */ = {isa = PBXFileReference; fileEncoding = 4; lastKnownFileType = sourcecode.c.objc; path = SecondaryViewController.m; sourceTree = "<group>"; };
		C6AC8D3F20DD25DB00FAC50F /* Default.wav */ = {isa = PBXFileReference; lastKnownFileType = audio.wav; path = Default.wav; sourceTree = "<group>"; };
		C6AC8D4520DD29A600FAC50F /* 968small.png */ = {isa = PBXFileReference; lastKnownFileType = image.png; path = 968small.png; sourceTree = "<group>"; };
		C6D1056A17F08536006498D6 /* Default-568h@2x.png */ = {isa = PBXFileReference; lastKnownFileType = image.png; path = "Default-568h@2x.png"; sourceTree = "<group>"; };
		C6D88DEA17EC5D28006A0079 /* main.h */ = {isa = PBXFileReference; lastKnownFileType = sourcecode.c.h; path = main.h; sourceTree = "<group>"; };
/* End PBXFileReference section */

/* Begin PBXFrameworksBuildPhase section */
		C6126C6E17E9BFC500F065D8 /* Frameworks */ = {
			isa = PBXFrameworksBuildPhase;
			buildActionMask = 2147483647;
			files = (
				C6126C7717E9BFC600F065D8 /* CoreGraphics.framework in Frameworks */,
				C6126C7917E9BFC600F065D8 /* UIKit.framework in Frameworks */,
				C6126C7517E9BFC600F065D8 /* Foundation.framework in Frameworks */,
			);
			runOnlyForDeploymentPostprocessing = 0;
		};
		C6126C9217E9BFC600F065D8 /* Frameworks */ = {
			isa = PBXFrameworksBuildPhase;
			buildActionMask = 2147483647;
			files = (
				C6126C9717E9BFC600F065D8 /* XCTest.framework in Frameworks */,
				C6126C9917E9BFC600F065D8 /* UIKit.framework in Frameworks */,
				C6126C9817E9BFC600F065D8 /* Foundation.framework in Frameworks */,
			);
			runOnlyForDeploymentPostprocessing = 0;
		};
/* End PBXFrameworksBuildPhase section */

/* Begin PBXGroup section */
		C6126C6817E9BFC500F065D8 = {
			isa = PBXGroup;
			children = (
				C6D1056A17F08536006498D6 /* Default-568h@2x.png */,
				C6126C7A17E9BFC600F065D8 /* Challenge */,
				C6126C9C17E9BFC600F065D8 /* ChallengeTests */,
				C6126C7317E9BFC500F065D8 /* Frameworks */,
				C6126C7217E9BFC500F065D8 /* Products */,
			);
			sourceTree = "<group>";
		};
		C6126C7217E9BFC500F065D8 /* Products */ = {
			isa = PBXGroup;
			children = (
				C6126C7117E9BFC500F065D8 /* Challenge.app */,
				C6126C9517E9BFC600F065D8 /* ChallengeTests.xctest */,
			);
			name = Products;
			sourceTree = "<group>";
		};
		C6126C7317E9BFC500F065D8 /* Frameworks */ = {
			isa = PBXGroup;
			children = (
				C6126C7417E9BFC600F065D8 /* Foundation.framework */,
				C6126C7617E9BFC600F065D8 /* CoreGraphics.framework */,
				C6126C7817E9BFC600F065D8 /* UIKit.framework */,
				C6126C9617E9BFC600F065D8 /* XCTest.framework */,
			);
			name = Frameworks;
			sourceTree = "<group>";
		};
		C6126C7A17E9BFC600F065D8 /* Challenge */ = {
			isa = PBXGroup;
			children = (
				C61E69B2198190100031EE49 /* 968small-old.png */,
				C6AC8D4520DD29A600FAC50F /* 968small.png */,
				C6A3704E17EC344100ECE243 /* Beep-Low.wav */,
				C6AC8D3F20DD25DB00FAC50F /* Default.wav */,
				C6A3704F17EC344100ECE243 /* Beep-High.wav */,
				C6126C8317E9BFC600F065D8 /* AppDelegate.h */,
				C6126C8417E9BFC600F065D8 /* AppDelegate.m */,
				C6126C8617E9BFC600F065D8 /* Main_iPhone.storyboard */,
				C6126C8C17E9BFC600F065D8 /* ViewController.h */,
				C6126C8D17E9BFC600F065D8 /* ViewController.m */,
				C6A3705317EC464800ECE243 /* SecondaryViewController.h */,
				C6A3705417EC464800ECE243 /* SecondaryViewController.m */,
				C6126C8F17E9BFC600F065D8 /* Images.xcassets */,
				C6126C7B17E9BFC600F065D8 /* Supporting Files */,
			);
			path = Challenge;
			sourceTree = "<group>";
		};
		C6126C7B17E9BFC600F065D8 /* Supporting Files */ = {
			isa = PBXGroup;
			children = (
				C6126C7C17E9BFC600F065D8 /* Challenge-Info.plist */,
				C6126C7D17E9BFC600F065D8 /* InfoPlist.strings */,
				C6126C8017E9BFC600F065D8 /* main.m */,
				C6D88DEA17EC5D28006A0079 /* main.h */,
				C6126C8217E9BFC600F065D8 /* Challenge-Prefix.pch */,
			);
			name = "Supporting Files";
			sourceTree = "<group>";
		};
		C6126C9C17E9BFC600F065D8 /* ChallengeTests */ = {
			isa = PBXGroup;
			children = (
				C6126CA217E9BFC600F065D8 /* ChallengeTests.m */,
				C6126C9D17E9BFC600F065D8 /* Supporting Files */,
			);
			path = ChallengeTests;
			sourceTree = "<group>";
		};
		C6126C9D17E9BFC600F065D8 /* Supporting Files */ = {
			isa = PBXGroup;
			children = (
				C6126C9E17E9BFC600F065D8 /* ChallengeTests-Info.plist */,
				C6126C9F17E9BFC600F065D8 /* InfoPlist.strings */,
			);
			name = "Supporting Files";
			sourceTree = "<group>";
		};
/* End PBXGroup section */

/* Begin PBXNativeTarget section */
		C6126C7017E9BFC500F065D8 /* Challenge */ = {
			isa = PBXNativeTarget;
			buildConfigurationList = C6126CA617E9BFC600F065D8 /* Build configuration list for PBXNativeTarget "Challenge" */;
			buildPhases = (
				C6126C6D17E9BFC500F065D8 /* Sources */,
				C6126C6E17E9BFC500F065D8 /* Frameworks */,
				C6126C6F17E9BFC500F065D8 /* Resources */,
			);
			buildRules = (
			);
			dependencies = (
			);
			name = Challenge;
			productName = Challenge;
			productReference = C6126C7117E9BFC500F065D8 /* Challenge.app */;
			productType = "com.apple.product-type.application";
		};
		C6126C9417E9BFC600F065D8 /* ChallengeTests */ = {
			isa = PBXNativeTarget;
			buildConfigurationList = C6126CA917E9BFC600F065D8 /* Build configuration list for PBXNativeTarget "ChallengeTests" */;
			buildPhases = (
				C6126C9117E9BFC600F065D8 /* Sources */,
				C6126C9217E9BFC600F065D8 /* Frameworks */,
				C6126C9317E9BFC600F065D8 /* Resources */,
			);
			buildRules = (
			);
			dependencies = (
				C6126C9B17E9BFC600F065D8 /* PBXTargetDependency */,
			);
			name = ChallengeTests;
			productName = ChallengeTests;
			productReference = C6126C9517E9BFC600F065D8 /* ChallengeTests.xctest */;
			productType = "com.apple.product-type.bundle.unit-test";
		};
/* End PBXNativeTarget section */

/* Begin PBXProject section */
		C6126C6917E9BFC500F065D8 /* Project object */ = {
			isa = PBXProject;
			attributes = {
				LastUpgradeCheck = 1240;
				ORGANIZATIONNAME = "Gerhard Wanner";
				TargetAttributes = {
					C6126C7017E9BFC500F065D8 = {
						DevelopmentTeam = DH2QZ5L2JQ;
						ProvisioningStyle = Automatic;
					};
					C6126C9417E9BFC600F065D8 = {
						DevelopmentTeam = EGFL948U67;
						TestTargetID = C6126C7017E9BFC500F065D8;
					};
				};
			};
			buildConfigurationList = C6126C6C17E9BFC500F065D8 /* Build configuration list for PBXProject "Challenge" */;
			compatibilityVersion = "Xcode 3.2";
			developmentRegion = en;
			hasScannedForEncodings = 0;
			knownRegions = (
				en,
				Base,
			);
			mainGroup = C6126C6817E9BFC500F065D8;
			productRefGroup = C6126C7217E9BFC500F065D8 /* Products */;
			projectDirPath = "";
			projectRoot = "";
			targets = (
				C6126C7017E9BFC500F065D8 /* Challenge */,
				C6126C9417E9BFC600F065D8 /* ChallengeTests */,
			);
		};
/* End PBXProject section */

/* Begin PBXResourcesBuildPhase section */
		C6126C6F17E9BFC500F065D8 /* Resources */ = {
			isa = PBXResourcesBuildPhase;
			buildActionMask = 2147483647;
			files = (
				C6A3705017EC344100ECE243 /* Beep-Low.wav in Resources */,
				C6126C9017E9BFC600F065D8 /* Images.xcassets in Resources */,
				C6126C8817E9BFC600F065D8 /* Main_iPhone.storyboard in Resources */,
				C6126C7F17E9BFC600F065D8 /* InfoPlist.strings in Resources */,
				C6AC8D4020DD25DB00FAC50F /* Default.wav in Resources */,
				C6D1056B17F08536006498D6 /* Default-568h@2x.png in Resources */,
				C6AC8D4620DD29A700FAC50F /* 968small.png in Resources */,
				C6A3705117EC344100ECE243 /* Beep-High.wav in Resources */,
				C61E69B3198190100031EE49 /* 968small-old.png in Resources */,
			);
			runOnlyForDeploymentPostprocessing = 0;
		};
		C6126C9317E9BFC600F065D8 /* Resources */ = {
			isa = PBXResourcesBuildPhase;
			buildActionMask = 2147483647;
			files = (
				C6126CA117E9BFC600F065D8 /* InfoPlist.strings in Resources */,
			);
			runOnlyForDeploymentPostprocessing = 0;
		};
/* End PBXResourcesBuildPhase section */

/* Begin PBXSourcesBuildPhase section */
		C6126C6D17E9BFC500F065D8 /* Sources */ = {
			isa = PBXSourcesBuildPhase;
			buildActionMask = 2147483647;
			files = (
				C6126C8E17E9BFC600F065D8 /* ViewController.m in Sources */,
				C6126C8517E9BFC600F065D8 /* AppDelegate.m in Sources */,
				C6126C8117E9BFC600F065D8 /* main.m in Sources */,
				C6A3705517EC464800ECE243 /* SecondaryViewController.m in Sources */,
			);
			runOnlyForDeploymentPostprocessing = 0;
		};
		C6126C9117E9BFC600F065D8 /* Sources */ = {
			isa = PBXSourcesBuildPhase;
			buildActionMask = 2147483647;
			files = (
				C6126CA317E9BFC600F065D8 /* ChallengeTests.m in Sources */,
			);
			runOnlyForDeploymentPostprocessing = 0;
		};
/* End PBXSourcesBuildPhase section */

/* Begin PBXTargetDependency section */
		C6126C9B17E9BFC600F065D8 /* PBXTargetDependency */ = {
			isa = PBXTargetDependency;
			target = C6126C7017E9BFC500F065D8 /* Challenge */;
			targetProxy = C6126C9A17E9BFC600F065D8 /* PBXContainerItemProxy */;
		};
/* End PBXTargetDependency section */

/* Begin PBXVariantGroup section */
		C6126C7D17E9BFC600F065D8 /* InfoPlist.strings */ = {
			isa = PBXVariantGroup;
			children = (
				C6126C7E17E9BFC600F065D8 /* en */,
			);
			name = InfoPlist.strings;
			sourceTree = "<group>";
		};
		C6126C8617E9BFC600F065D8 /* Main_iPhone.storyboard */ = {
			isa = PBXVariantGroup;
			children = (
				C6126C8717E9BFC600F065D8 /* Base */,
			);
			name = Main_iPhone.storyboard;
			sourceTree = "<group>";
		};
		C6126C9F17E9BFC600F065D8 /* InfoPlist.strings */ = {
			isa = PBXVariantGroup;
			children = (
				C6126CA017E9BFC600F065D8 /* en */,
			);
			name = InfoPlist.strings;
			sourceTree = "<group>";
		};
/* End PBXVariantGroup section */

/* Begin XCBuildConfiguration section */
		C6126CA417E9BFC600F065D8 /* Debug */ = {
			isa = XCBuildConfiguration;
			buildSettings = {
				ALWAYS_SEARCH_USER_PATHS = NO;
				CLANG_ANALYZER_LOCALIZABILITY_NONLOCALIZED = YES;
				CLANG_CXX_LANGUAGE_STANDARD = "gnu++0x";
				CLANG_CXX_LIBRARY = "libc++";
				CLANG_ENABLE_MODULES = YES;
				CLANG_ENABLE_OBJC_ARC = YES;
				CLANG_WARN_BLOCK_CAPTURE_AUTORELEASING = YES;
				CLANG_WARN_BOOL_CONVERSION = YES;
				CLANG_WARN_COMMA = YES;
				CLANG_WARN_CONSTANT_CONVERSION = YES;
				CLANG_WARN_DEPRECATED_OBJC_IMPLEMENTATIONS = YES;
				CLANG_WARN_DIRECT_OBJC_ISA_USAGE = YES_ERROR;
				CLANG_WARN_EMPTY_BODY = YES;
				CLANG_WARN_ENUM_CONVERSION = YES;
				CLANG_WARN_INFINITE_RECURSION = YES;
				CLANG_WARN_INT_CONVERSION = YES;
				CLANG_WARN_NON_LITERAL_NULL_CONVERSION = YES;
				CLANG_WARN_OBJC_IMPLICIT_RETAIN_SELF = YES;
				CLANG_WARN_OBJC_LITERAL_CONVERSION = YES;
				CLANG_WARN_OBJC_ROOT_CLASS = YES_ERROR;
				CLANG_WARN_QUOTED_INCLUDE_IN_FRAMEWORK_HEADER = YES;
				CLANG_WARN_RANGE_LOOP_ANALYSIS = YES;
				CLANG_WARN_STRICT_PROTOTYPES = YES;
				CLANG_WARN_SUSPICIOUS_MOVE = YES;
				CLANG_WARN_UNREACHABLE_CODE = YES;
				CLANG_WARN__DUPLICATE_METHOD_MATCH = YES;
				"CODE_SIGN_IDENTITY[sdk=iphoneos*]" = "iPhone Developer";
				COPY_PHASE_STRIP = NO;
				ENABLE_STRICT_OBJC_MSGSEND = YES;
				ENABLE_TESTABILITY = YES;
				GCC_C_LANGUAGE_STANDARD = gnu99;
				GCC_DYNAMIC_NO_PIC = NO;
				GCC_NO_COMMON_BLOCKS = YES;
				GCC_OPTIMIZATION_LEVEL = 0;
				GCC_PREPROCESSOR_DEFINITIONS = (
					"DEBUG=1",
					"$(inherited)",
				);
				GCC_SYMBOLS_PRIVATE_EXTERN = NO;
				GCC_WARN_64_TO_32_BIT_CONVERSION = YES;
				GCC_WARN_ABOUT_RETURN_TYPE = YES_ERROR;
				GCC_WARN_UNDECLARED_SELECTOR = YES;
				GCC_WARN_UNINITIALIZED_AUTOS = YES;
				GCC_WARN_UNUSED_FUNCTION = YES;
				GCC_WARN_UNUSED_VARIABLE = YES;
				IPHONEOS_DEPLOYMENT_TARGET = 12.0;
				ONLY_ACTIVE_ARCH = YES;
				SDKROOT = iphoneos;
				TARGETED_DEVICE_FAMILY = "1,2";
			};
			name = Debug;
		};
		C6126CA517E9BFC600F065D8 /* Release */ = {
			isa = XCBuildConfiguration;
			buildSettings = {
				ALWAYS_SEARCH_USER_PATHS = NO;
				CLANG_ANALYZER_LOCALIZABILITY_NONLOCALIZED = YES;
				CLANG_CXX_LANGUAGE_STANDARD = "gnu++0x";
				CLANG_CXX_LIBRARY = "libc++";
				CLANG_ENABLE_MODULES = YES;
				CLANG_ENABLE_OBJC_ARC = YES;
				CLANG_WARN_BLOCK_CAPTURE_AUTORELEASING = YES;
				CLANG_WARN_BOOL_CONVERSION = YES;
				CLANG_WARN_COMMA = YES;
				CLANG_WARN_CONSTANT_CONVERSION = YES;
				CLANG_WARN_DEPRECATED_OBJC_IMPLEMENTATIONS = YES;
				CLANG_WARN_DIRECT_OBJC_ISA_USAGE = YES_ERROR;
				CLANG_WARN_EMPTY_BODY = YES;
				CLANG_WARN_ENUM_CONVERSION = YES;
				CLANG_WARN_INFINITE_RECURSION = YES;
				CLANG_WARN_INT_CONVERSION = YES;
				CLANG_WARN_NON_LITERAL_NULL_CONVERSION = YES;
				CLANG_WARN_OBJC_IMPLICIT_RETAIN_SELF = YES;
				CLANG_WARN_OBJC_LITERAL_CONVERSION = YES;
				CLANG_WARN_OBJC_ROOT_CLASS = YES_ERROR;
				CLANG_WARN_QUOTED_INCLUDE_IN_FRAMEWORK_HEADER = YES;
				CLANG_WARN_RANGE_LOOP_ANALYSIS = YES;
				CLANG_WARN_STRICT_PROTOTYPES = YES;
				CLANG_WARN_SUSPICIOUS_MOVE = YES;
				CLANG_WARN_UNREACHABLE_CODE = YES;
				CLANG_WARN__DUPLICATE_METHOD_MATCH = YES;
				"CODE_SIGN_IDENTITY[sdk=iphoneos*]" = "iPhone Developer";
				COPY_PHASE_STRIP = YES;
				ENABLE_NS_ASSERTIONS = NO;
				ENABLE_STRICT_OBJC_MSGSEND = YES;
				GCC_C_LANGUAGE_STANDARD = gnu99;
				GCC_NO_COMMON_BLOCKS = YES;
				GCC_WARN_64_TO_32_BIT_CONVERSION = YES;
				GCC_WARN_ABOUT_RETURN_TYPE = YES_ERROR;
				GCC_WARN_UNDECLARED_SELECTOR = YES;
				GCC_WARN_UNINITIALIZED_AUTOS = YES;
				GCC_WARN_UNUSED_FUNCTION = YES;
				GCC_WARN_UNUSED_VARIABLE = YES;
				IPHONEOS_DEPLOYMENT_TARGET = 12.0;
				SDKROOT = iphoneos;
				TARGETED_DEVICE_FAMILY = "1,2";
				VALIDATE_PRODUCT = YES;
			};
			name = Release;
		};
		C6126CA717E9BFC600F065D8 /* Debug */ = {
			isa = XCBuildConfiguration;
			buildSettings = {
				ASSETCATALOG_COMPILER_APPICON_NAME = AppIcon;
				CODE_SIGN_IDENTITY = "Apple Development";
				"CODE_SIGN_IDENTITY[sdk=iphoneos*]" = "Apple Development";
				CODE_SIGN_STYLE = Automatic;
				DEVELOPMENT_TEAM = DH2QZ5L2JQ;
				GCC_PRECOMPILE_PREFIX_HEADER = YES;
				GCC_PREFIX_HEADER = "Challenge/Challenge-Prefix.pch";
				INFOPLIST_FILE = "Challenge/Challenge-Info.plist";
				IPHONEOS_DEPLOYMENT_TARGET = 12.0;
				PRODUCT_BUNDLE_IDENTIFIER = Diavolezza.Challenge;
				PRODUCT_NAME = "$(TARGET_NAME)";
				PROVISIONING_PROFILE = "";
				PROVISIONING_PROFILE_SPECIFIER = "";
				TARGETED_DEVICE_FAMILY = "1,2";
				WRAPPER_EXTENSION = app;
			};
			name = Debug;
		};
		C6126CA817E9BFC600F065D8 /* Release */ = {
			isa = XCBuildConfiguration;
			buildSettings = {
				ASSETCATALOG_COMPILER_APPICON_NAME = AppIcon;
				CODE_SIGN_IDENTITY = "Apple Development";
				"CODE_SIGN_IDENTITY[sdk=iphoneos*]" = "Apple Development";
				CODE_SIGN_STYLE = Automatic;
				DEVELOPMENT_TEAM = DH2QZ5L2JQ;
				GCC_PRECOMPILE_PREFIX_HEADER = YES;
				GCC_PREFIX_HEADER = "Challenge/Challenge-Prefix.pch";
				INFOPLIST_FILE = "Challenge/Challenge-Info.plist";
				IPHONEOS_DEPLOYMENT_TARGET = 12.0;
				PRODUCT_BUNDLE_IDENTIFIER = Diavolezza.Challenge;
				PRODUCT_NAME = "$(TARGET_NAME)";
				PROVISIONING_PROFILE = "";
				PROVISIONING_PROFILE_SPECIFIER = "";
				TARGETED_DEVICE_FAMILY = "1,2";
				WRAPPER_EXTENSION = app;
			};
			name = Release;
		};
		C6126CAA17E9BFC600F065D8 /* Debug */ = {
			isa = XCBuildConfiguration;
			buildSettings = {
				BUNDLE_LOADER = "$(BUILT_PRODUCTS_DIR)/Challenge.app/Challenge";
				DEVELOPMENT_TEAM = EGFL948U67;
				FRAMEWORK_SEARCH_PATHS = (
					"$(SDKROOT)/Developer/Library/Frameworks",
					"$(inherited)",
					"$(DEVELOPER_FRAMEWORKS_DIR)",
				);
				GCC_PRECOMPILE_PREFIX_HEADER = YES;
				GCC_PREFIX_HEADER = "Challenge/Challenge-Prefix.pch";
				GCC_PREPROCESSOR_DEFINITIONS = (
					"DEBUG=1",
					"$(inherited)",
				);
				INFOPLIST_FILE = "ChallengeTests/ChallengeTests-Info.plist";
				PRODUCT_BUNDLE_IDENTIFIER = "Diavolezza.${PRODUCT_NAME:rfc1034identifier}";
				PRODUCT_NAME = "$(TARGET_NAME)";
				TEST_HOST = "$(BUNDLE_LOADER)";
				WRAPPER_EXTENSION = xctest;
			};
			name = Debug;
		};
		C6126CAB17E9BFC600F065D8 /* Release */ = {
			isa = XCBuildConfiguration;
			buildSettings = {
				BUNDLE_LOADER = "$(BUILT_PRODUCTS_DIR)/Challenge.app/Challenge";
				DEVELOPMENT_TEAM = EGFL948U67;
				FRAMEWORK_SEARCH_PATHS = (
					"$(SDKROOT)/Developer/Library/Frameworks",
					"$(inherited)",
					"$(DEVELOPER_FRAMEWORKS_DIR)",
				);
				GCC_PRECOMPILE_PREFIX_HEADER = YES;
				GCC_PREFIX_HEADER = "Challenge/Challenge-Prefix.pch";
				INFOPLIST_FILE = "ChallengeTests/ChallengeTests-Info.plist";
				PRODUCT_BUNDLE_IDENTIFIER = "Diavolezza.${PRODUCT_NAME:rfc1034identifier}";
				PRODUCT_NAME = "$(TARGET_NAME)";
				TEST_HOST = "$(BUNDLE_LOADER)";
				WRAPPER_EXTENSION = xctest;
			};
			name = Release;
		};
/* End XCBuildConfiguration section */

/* Begin XCConfigurationList section */
		C6126C6C17E9BFC500F065D8 /* Build configuration list for PBXProject "Challenge" */ = {
			isa = XCConfigurationList;
			buildConfigurations = (
				C6126CA417E9BFC600F065D8 /* Debug */,
				C6126CA517E9BFC600F065D8 /* Release */,
			);
			defaultConfigurationIsVisible = 0;
			defaultConfigurationName = Release;
		};
		C6126CA617E9BFC600F065D8 /* Build configuration list for PBXNativeTarget "Challenge" */ = {
			isa = XCConfigurationList;
			buildConfigurations = (
				C6126CA717E9BFC600F065D8 /* Debug */,
				C6126CA817E9BFC600F065D8 /* Release */,
			);
			defaultConfigurationIsVisible = 0;
			defaultConfigurationName = Release;
		};
		C6126CA917E9BFC600F065D8 /* Build configuration list for PBXNativeTarget "ChallengeTests" */ = {
			isa = XCConfigurationList;
			buildConfigurations = (
				C6126CAA17E9BFC600F065D8 /* Debug */,
				C6126CAB17E9BFC600F065D8 /* Release */,
			);
			defaultConfigurationIsVisible = 0;
			defaultConfigurationName = Release;
		};
/* End XCConfigurationList section */
	};
	rootObject = C6126C6917E9BFC500F065D8 /* Project object */;
}
